// !$*UTF8*$!
{
	archiveVersion = 1;
	classes = {
	};
	objectVersion = 46;
	objects = {

/* Begin PBXBuildFile section */
		BE9C073A1DE38E9D0042E330 /* AppDelegate.swift in Sources */ = {isa = PBXBuildFile; fileRef = BE9C07391DE38E9D0042E330 /* AppDelegate.swift */; };
		BE9C073C1DE38E9D0042E330 /* ViewController.swift in Sources */ = {isa = PBXBuildFile; fileRef = BE9C073B1DE38E9D0042E330 /* ViewController.swift */; };
		BE9C073F1DE38E9D0042E330 /* Main.storyboard in Resources */ = {isa = PBXBuildFile; fileRef = BE9C073D1DE38E9D0042E330 /* Main.storyboard */; };
		BE9C07411DE38E9E0042E330 /* Assets.xcassets in Resources */ = {isa = PBXBuildFile; fileRef = BE9C07401DE38E9E0042E330 /* Assets.xcassets */; };
		BE9C07441DE38E9E0042E330 /* LaunchScreen.storyboard in Resources */ = {isa = PBXBuildFile; fileRef = BE9C07421DE38E9E0042E330 /* LaunchScreen.storyboard */; };
		BE9C074C1DE38EB90042E330 /* SierpinskiView.swift in Sources */ = {isa = PBXBuildFile; fileRef = BE9C074B1DE38EB90042E330 /* SierpinskiView.swift */; };
		BE9C074E1DE3BEBD0042E330 /* Turtle.swift in Sources */ = {isa = PBXBuildFile; fileRef = BE9C074D1DE3BEBD0042E330 /* Turtle.swift */; };
/* End PBXBuildFile section */

/* Begin PBXFileReference section */
		BE9C07361DE38E9D0042E330 /* Sierpinski.app */ = {isa = PBXFileReference; explicitFileType = wrapper.application; includeInIndex = 0; path = Sierpinski.app; sourceTree = BUILT_PRODUCTS_DIR; };
		BE9C07391DE38E9D0042E330 /* AppDelegate.swift */ = {isa = PBXFileReference; lastKnownFileType = sourcecode.swift; path = AppDelegate.swift; sourceTree = "<group>"; };
		BE9C073B1DE38E9D0042E330 /* ViewController.swift */ = {isa = PBXFileReference; lastKnownFileType = sourcecode.swift; path = ViewController.swift; sourceTree = "<group>"; };
		BE9C073E1DE38E9D0042E330 /* Base */ = {isa = PBXFileReference; lastKnownFileType = file.storyboard; name = Base; path = Base.lproj/Main.storyboard; sourceTree = "<group>"; };
		BE9C07401DE38E9E0042E330 /* Assets.xcassets */ = {isa = PBXFileReference; lastKnownFileType = folder.assetcatalog; path = Assets.xcassets; sourceTree = "<group>"; };
		BE9C07431DE38E9E0042E330 /* Base */ = {isa = PBXFileReference; lastKnownFileType = file.storyboard; name = Base; path = Base.lproj/LaunchScreen.storyboard; sourceTree = "<group>"; };
		BE9C07451DE38E9E0042E330 /* Info.plist */ = {isa = PBXFileReference; lastKnownFileType = text.plist.xml; path = Info.plist; sourceTree = "<group>"; };
		BE9C074B1DE38EB90042E330 /* SierpinskiView.swift */ = {isa = PBXFileReference; fileEncoding = 4; lastKnownFileType = sourcecode.swift; path = SierpinskiView.swift; sourceTree = "<group>"; };
		BE9C074D1DE3BEBD0042E330 /* Turtle.swift */ = {isa = PBXFileReference; fileEncoding = 4; lastKnownFileType = sourcecode.swift; path = Turtle.swift; sourceTree = "<group>"; };
/* End PBXFileReference section */

/* Begin PBXFrameworksBuildPhase section */
		BE9C07331DE38E9D0042E330 /* Frameworks */ = {
			isa = PBXFrameworksBuildPhase;
			buildActionMask = 2147483647;
			files = (
			);
			runOnlyForDeploymentPostprocessing = 0;
		};
/* End PBXFrameworksBuildPhase section */

/* Begin PBXGroup section */
		BE9C072D1DE38E9D0042E330 = {
			isa = PBXGroup;
			children = (
				BE9C07381DE38E9D0042E330 /* Sierpinski */,
				BE9C07371DE38E9D0042E330 /* Products */,
			);
			sourceTree = "<group>";
		};
		BE9C07371DE38E9D0042E330 /* Products */ = {
			isa = PBXGroup;
			children = (
				BE9C07361DE38E9D0042E330 /* Sierpinski.app */,
			);
			name = Products;
			sourceTree = "<group>";
		};
		BE9C07381DE38E9D0042E330 /* Sierpinski */ = {
			isa = PBXGroup;
			children = (
				BE9C07391DE38E9D0042E330 /* AppDelegate.swift */,
				BE9C073B1DE38E9D0042E330 /* ViewController.swift */,
				BE9C074B1DE38EB90042E330 /* SierpinskiView.swift */,
				BE9C074D1DE3BEBD0042E330 /* Turtle.swift */,
				BE9C073D1DE38E9D0042E330 /* Main.storyboard */,
				BE9C07401DE38E9E0042E330 /* Assets.xcassets */,
				BE9C07421DE38E9E0042E330 /* LaunchScreen.storyboard */,
				BE9C07451DE38E9E0042E330 /* Info.plist */,
			);
			path = Sierpinski;
			sourceTree = "<group>";
		};
/* End PBXGroup section */

/* Begin PBXNativeTarget section */
		BE9C07351DE38E9D0042E330 /* Sierpinski */ = {
			isa = PBXNativeTarget;
			buildConfigurationList = BE9C07481DE38E9E0042E330 /* Build configuration list for PBXNativeTarget "Sierpinski" */;
			buildPhases = (
				BE9C07321DE38E9D0042E330 /* Sources */,
				BE9C07331DE38E9D0042E330 /* Frameworks */,
				BE9C07341DE38E9D0042E330 /* Resources */,
			);
			buildRules = (
			);
			dependencies = (
			);
			name = Sierpinski;
			productName = Sierpinski;
			productReference = BE9C07361DE38E9D0042E330 /* Sierpinski.app */;
			productType = "com.apple.product-type.application";
		};
/* End PBXNativeTarget section */

/* Begin PBXProject section */
		BE9C072E1DE38E9D0042E330 /* Project object */ = {
			isa = PBXProject;
			attributes = {
				LastSwiftUpdateCheck = 0810;
				LastUpgradeCheck = 0810;
				ORGANIZATIONNAME = "Silver Fox";
				TargetAttributes = {
					BE9C07351DE38E9D0042E330 = {
						CreatedOnToolsVersion = 8.1;
						DevelopmentTeam = 6G5LMQ72D8;
						ProvisioningStyle = Automatic;
					};
				};
			};
			buildConfigurationList = BE9C07311DE38E9D0042E330 /* Build configuration list for PBXProject "Sierpinski" */;
			compatibilityVersion = "Xcode 3.2";
			developmentRegion = English;
			hasScannedForEncodings = 0;
			knownRegions = (
				en,
				Base,
			);
			mainGroup = BE9C072D1DE38E9D0042E330;
			productRefGroup = BE9C07371DE38E9D0042E330 /* Products */;
			projectDirPath = "";
			projectRoot = "";
			targets = (
				BE9C07351DE38E9D0042E330 /* Sierpinski */,
			);
		};
/* End PBXProject section */

/* Begin PBXResourcesBuildPhase section */
		BE9C07341DE38E9D0042E330 /* Resources */ = {
			isa = PBXResourcesBuildPhase;
			buildActionMask = 2147483647;
			files = (
				BE9C07441DE38E9E0042E330 /* LaunchScreen.storyboard in Resources */,
				BE9C07411DE38E9E0042E330 /* Assets.xcassets in Resources */,
				BE9C073F1DE38E9D0042E330 /* Main.storyboard in Resources */,
			);
			runOnlyForDeploymentPostprocessing = 0;
		};
/* End PBXResourcesBuildPhase section */

/* Begin PBXSourcesBuildPhase section */
		BE9C07321DE38E9D0042E330 /* Sources */ = {
			isa = PBXSourcesBuildPhase;
			buildActionMask = 2147483647;
			files = (
				BE9C073C1DE38E9D0042E330 /* ViewController.swift in Sources */,
				BE9C073A1DE38E9D0042E330 /* AppDelegate.swift in Sources */,
				BE9C074C1DE38EB90042E330 /* SierpinskiView.swift in Sources */,
				BE9C074E1DE3BEBD0042E330 /* Turtle.swift in Sources */,
			);
			runOnlyForDeploymentPostprocessing = 0;
		};
/* End PBXSourcesBuildPhase section */

/* Begin PBXVariantGroup section */
		BE9C073D1DE38E9D0042E330 /* Main.storyboard */ = {
			isa = PBXVariantGroup;
			children = (
				BE9C073E1DE38E9D0042E330 /* Base */,
			);
			name = Main.storyboard;
			sourceTree = "<group>";
		};
		BE9C07421DE38E9E0042E330 /* LaunchScreen.storyboard */ = {
			isa = PBXVariantGroup;
			children = (
				BE9C07431DE38E9E0042E330 /* Base */,
			);
			name = LaunchScreen.storyboard;
			sourceTree = "<group>";
		};
/* End PBXVariantGroup section */

/* Begin XCBuildConfiguration section */
		BE9C07461DE38E9E0042E330 /* Debug */ = {
			isa = XCBuildConfiguration;
			buildSettings = {
				ALWAYS_SEARCH_USER_PATHS = NO;
				CLANG_ANALYZER_NONNULL = YES;
				CLANG_CXX_LANGUAGE_STANDARD = "gnu++0x";
				CLANG_CXX_LIBRARY = "libc++";
				CLANG_ENABLE_MODULES = YES;
				CLANG_ENABLE_OBJC_ARC = YES;
				CLANG_WARN_BOOL_CONVERSION = YES;
				CLANG_WARN_CONSTANT_CONVERSION = YES;
				CLANG_WARN_DIRECT_OBJC_ISA_USAGE = YES_ERROR;
				CLANG_WARN_DOCUMENTATION_COMMENTS = YES;
				CLANG_WARN_EMPTY_BODY = YES;
				CLANG_WARN_ENUM_CONVERSION = YES;
				CLANG_WARN_INFINITE_RECURSION = YES;
				CLANG_WARN_INT_CONVERSION = YES;
				CLANG_WARN_OBJC_ROOT_CLASS = YES_ERROR;
				CLANG_WARN_SUSPICIOUS_MOVES = YES;
				CLANG_WARN_UNREACHABLE_CODE = YES;
				CLANG_WARN__DUPLICATE_METHOD_MATCH = YES;
				"CODE_SIGN_IDENTITY[sdk=iphoneos*]" = "iPhone Developer";
				COPY_PHASE_STRIP = NO;
				DEBUG_INFORMATION_FORMAT = dwarf;
				ENABLE_STRICT_OBJC_MSGSEND = YES;
				ENABLE_TESTABILITY = YES;
				GCC_C_LANGUAGE_STANDARD = gnu99;
				GCC_DYNAMIC_NO_PIC = NO;
				GCC_NO_COMMON_BLOCKS = YES;
				GCC_OPTIMIZATION_LEVEL = 0;
				GCC_PREPROCESSOR_DEFINITIONS = (
					"DEBUG=1",
					"$(inherited)",
				);
				GCC_WARN_64_TO_32_BIT_CONVERSION = YES;
				GCC_WARN_ABOUT_RETURN_TYPE = YES_ERROR;
				GCC_WARN_UNDECLARED_SELECTOR = YES;
				GCC_WARN_UNINITIALIZED_AUTOS = YES_AGGRESSIVE;
				GCC_WARN_UNUSED_FUNCTION = YES;
				GCC_WARN_UNUSED_VARIABLE = YES;
				IPHONEOS_DEPLOYMENT_TARGET = 10.1;
				MTL_ENABLE_DEBUG_INFO = YES;
				ONLY_ACTIVE_ARCH = YES;
				SDKROOT = iphoneos;
				SWIFT_ACTIVE_COMPILATION_CONDITIONS = DEBUG;
				SWIFT_OPTIMIZATION_LEVEL = "-Onone";
				TARGETED_DEVICE_FAMILY = "1,2";
			};
			name = Debug;
		};
		BE9C07471DE38E9E0042E330 /* Release */ = {
			isa = XCBuildConfiguration;
			buildSettings = {
				ALWAYS_SEARCH_USER_PATHS = NO;
				CLANG_ANALYZER_NONNULL = YES;
				CLANG_CXX_LANGUAGE_STANDARD = "gnu++0x";
				CLANG_CXX_LIBRARY = "libc++";
				CLANG_ENABLE_MODULES = YES;
				CLANG_ENABLE_OBJC_ARC = YES;
				CLANG_WARN_BOOL_CONVERSION = YES;
				CLANG_WARN_CONSTANT_CONVERSION = YES;
				CLANG_WARN_DIRECT_OBJC_ISA_USAGE = YES_ERROR;
				CLANG_WARN_DOCUMENTATION_COMMENTS = YES;
				CLANG_WARN_EMPTY_BODY = YES;
				CLANG_WARN_ENUM_CONVERSION = YES;
				CLANG_WARN_INFINITE_RECURSION = YES;
				CLANG_WARN_INT_CONVERSION = YES;
				CLANG_WARN_OBJC_ROOT_CLASS = YES_ERROR;
				CLANG_WARN_SUSPICIOUS_MOVES = YES;
				CLANG_WARN_UNREACHABLE_CODE = YES;
				CLANG_WARN__DUPLICATE_METHOD_MATCH = YES;
				"CODE_SIGN_IDENTITY[sdk=iphoneos*]" = "iPhone Developer";
				COPY_PHASE_STRIP = NO;
				DEBUG_INFORMATION_FORMAT = "dwarf-with-dsym";
				ENABLE_NS_ASSERTIONS = NO;
				ENABLE_STRICT_OBJC_MSGSEND = YES;
				GCC_C_LANGUAGE_STANDARD = gnu99;
				GCC_NO_COMMON_BLOCKS = YES;
				GCC_WARN_64_TO_32_BIT_CONVERSION = YES;
				GCC_WARN_ABOUT_RETURN_TYPE = YES_ERROR;
				GCC_WARN_UNDECLARED_SELECTOR = YES;
				GCC_WARN_UNINITIALIZED_AUTOS = YES_AGGRESSIVE;
				GCC_WARN_UNUSED_FUNCTION = YES;
				GCC_WARN_UNUSED_VARIABLE = YES;
				IPHONEOS_DEPLOYMENT_TARGET = 10.1;
				MTL_ENABLE_DEBUG_INFO = NO;
				SDKROOT = iphoneos;
				SWIFT_OPTIMIZATION_LEVEL = "-Owholemodule";
				TARGETED_DEVICE_FAMILY = "1,2";
				VALIDATE_PRODUCT = YES;
			};
			name = Release;
		};
		BE9C07491DE38E9E0042E330 /* Debug */ = {
			isa = XCBuildConfiguration;
			buildSettings = {
				ASSETCATALOG_COMPILER_APPICON_NAME = AppIcon;
				DEVELOPMENT_TEAM = 6G5LMQ72D8;
				INFOPLIST_FILE = Sierpinski/Info.plist;
				LD_RUNPATH_SEARCH_PATHS = "$(inherited) @executable_path/Frameworks";
				PRODUCT_BUNDLE_IDENTIFIER = be.silverfox.Sierpinski;
				PRODUCT_NAME = "$(TARGET_NAME)";
				SWIFT_VERSION = 3.0;
			};
			name = Debug;
		};
		BE9C074A1DE38E9E0042E330 /* Release */ = {
			isa = XCBuildConfiguration;
			buildSettings = {
				ASSETCATALOG_COMPILER_APPICON_NAME = AppIcon;
				DEVELOPMENT_TEAM = 6G5LMQ72D8;
				INFOPLIST_FILE = Sierpinski/Info.plist;
				LD_RUNPATH_SEARCH_PATHS = "$(inherited) @executable_path/Frameworks";
				PRODUCT_BUNDLE_IDENTIFIER = be.silverfox.Sierpinski;
				PRODUCT_NAME = "$(TARGET_NAME)";
				SWIFT_VERSION = 3.0;
			};
			name = Release;
		};
/* End XCBuildConfiguration section */

/* Begin XCConfigurationList section */
		BE9C07311DE38E9D0042E330 /* Build configuration list for PBXProject "Sierpinski" */ = {
			isa = XCConfigurationList;
			buildConfigurations = (
				BE9C07461DE38E9E0042E330 /* Debug */,
				BE9C07471DE38E9E0042E330 /* Release */,
			);
			defaultConfigurationIsVisible = 0;
			defaultConfigurationName = Release;
		};
		BE9C07481DE38E9E0042E330 /* Build configuration list for PBXNativeTarget "Sierpinski" */ = {
			isa = XCConfigurationList;
			buildConfigurations = (
				BE9C07491DE38E9E0042E330 /* Debug */,
				BE9C074A1DE38E9E0042E330 /* Release */,
			);
			defaultConfigurationIsVisible = 0;
			defaultConfigurationName = Release;
		};
/* End XCConfigurationList section */
	};
	rootObject = BE9C072E1DE38E9D0042E330 /* Project object */;
}
